
Microsoft Visual Studio Solution File, Format Version 12.00
# Visual Studio Version 17
VisualStudioVersion = 17.14.36109.1
MinimumVisualStudioVersion = 10.0.40219.1
Project("{FAE04EC0-301F-11D3-BF4B-00C04F79EFBC}") = "MechMate", "MechMate\MechMate.csproj", "{CBF9DC69-CEDA-4B13-A58C-8F70D7EA8B6C}"
EndProject
Global
	GlobalSection(SolutionConfigurationPlatforms) = preSolution
		Debug|Any CPU = Debug|Any CPU
		Debug|x64 = Debug|x64
		Release|Any CPU = Release|Any CPU
	EndGlobalSection
	GlobalSection(ProjectConfigurationPlatforms) = postSolution
		{CBF9DC69-CEDA-4B13-A58C-8F70D7EA8B6C}.Debug|Any CPU.ActiveCfg = Debug|Any CPU
		{CBF9DC69-CEDA-4B13-A58C-8F70D7EA8B6C}.Debug|Any CPU.Build.0 = Debug|Any CPU
		{CBF9DC69-CEDA-4B13-A58C-8F70D7EA8B6C}.Debug|Any CPU.Deploy.0 = Debug|Any CPU
		{CBF9DC69-CEDA-4B13-A58C-8F70D7EA8B6C}.Release|Any CPU.ActiveCfg = Release|Any CPU
		{CBF9DC69-CEDA-4B13-A58C-8F70D7EA8B6C}.Release|Any CPU.Build.0 = Release|Any CPU
	EndGlobalSection
	GlobalSection(SolutionProperties) = preSolution
		HideSolutionNode = FALSE
	EndGlobalSection
	GlobalSection(ExtensibilityGlobals) = postSolution
		SolutionGuid = {B7E3E121-0A46-492B-BA00-46D3A6574A8A}
	EndGlobalSection
EndGlobal
